// !$*UTF8*$!
{
	archiveVersion = 1;
	classes = {
	};
	objectVersion = 46;
	objects = {

/* Begin PBXBuildFile section */
		2985FD371C18D1E500618628 /* AppDelegate.swift in Sources */ = {isa = PBXBuildFile; fileRef = 2985FD361C18D1E500618628 /* AppDelegate.swift */; };
		2985FD391C18D1E500618628 /* ViewController.swift in Sources */ = {isa = PBXBuildFile; fileRef = 2985FD381C18D1E500618628 /* ViewController.swift */; };
		2985FD3C1C18D1E500618628 /* Main.storyboard in Resources */ = {isa = PBXBuildFile; fileRef = 2985FD3A1C18D1E500618628 /* Main.storyboard */; };
		2985FD3E1C18D1E500618628 /* Assets.xcassets in Resources */ = {isa = PBXBuildFile; fileRef = 2985FD3D1C18D1E500618628 /* Assets.xcassets */; };
		2985FD411C18D1E500618628 /* LaunchScreen.storyboard in Resources */ = {isa = PBXBuildFile; fileRef = 2985FD3F1C18D1E500618628 /* LaunchScreen.storyboard */; };
		2985FD4C1C18D1E500618628 /* Christmas_GreetingTests.swift in Sources */ = {isa = PBXBuildFile; fileRef = 2985FD4B1C18D1E500618628 /* Christmas_GreetingTests.swift */; };
		2985FD571C18D1E500618628 /* Christmas_GreetingUITests.swift in Sources */ = {isa = PBXBuildFile; fileRef = 2985FD561C18D1E500618628 /* Christmas_GreetingUITests.swift */; };
/* End PBXBuildFile section */

/* Begin PBXContainerItemProxy section */
		2985FD481C18D1E500618628 /* PBXContainerItemProxy */ = {
			isa = PBXContainerItemProxy;
			containerPortal = 2985FD2B1C18D1E500618628 /* Project object */;
			proxyType = 1;
			remoteGlobalIDString = 2985FD321C18D1E500618628;
			remoteInfo = "Christmas Greeting";
		};
		2985FD531C18D1E500618628 /* PBXContainerItemProxy */ = {
			isa = PBXContainerItemProxy;
			containerPortal = 2985FD2B1C18D1E500618628 /* Project object */;
			proxyType = 1;
			remoteGlobalIDString = 2985FD321C18D1E500618628;
			remoteInfo = "Christmas Greeting";
		};
/* End PBXContainerItemProxy section */

/* Begin PBXFileReference section */
		2985FD331C18D1E500618628 /* Christmas Greeting.app */ = {isa = PBXFileReference; explicitFileType = wrapper.application; includeInIndex = 0; path = "Christmas Greeting.app"; sourceTree = BUILT_PRODUCTS_DIR; };
		2985FD361C18D1E500618628 /* AppDelegate.swift */ = {isa = PBXFileReference; lastKnownFileType = sourcecode.swift; path = AppDelegate.swift; sourceTree = "<group>"; };
		2985FD381C18D1E500618628 /* ViewController.swift */ = {isa = PBXFileReference; lastKnownFileType = sourcecode.swift; path = ViewController.swift; sourceTree = "<group>"; };
		2985FD3B1C18D1E500618628 /* Base */ = {isa = PBXFileReference; lastKnownFileType = file.storyboard; name = Base; path = Base.lproj/Main.storyboard; sourceTree = "<group>"; };
		2985FD3D1C18D1E500618628 /* Assets.xcassets */ = {isa = PBXFileReference; lastKnownFileType = folder.assetcatalog; path = Assets.xcassets; sourceTree = "<group>"; };
		2985FD401C18D1E500618628 /* Base */ = {isa = PBXFileReference; lastKnownFileType = file.storyboard; name = Base; path = Base.lproj/LaunchScreen.storyboard; sourceTree = "<group>"; };
		2985FD421C18D1E500618628 /* Info.plist */ = {isa = PBXFileReference; lastKnownFileType = text.plist.xml; path = Info.plist; sourceTree = "<group>"; };
		2985FD471C18D1E500618628 /* Christmas GreetingTests.xctest */ = {isa = PBXFileReference; explicitFileType = wrapper.cfbundle; includeInIndex = 0; path = "Christmas GreetingTests.xctest"; sourceTree = BUILT_PRODUCTS_DIR; };
		2985FD4B1C18D1E500618628 /* Christmas_GreetingTests.swift */ = {isa = PBXFileReference; lastKnownFileType = sourcecode.swift; path = Christmas_GreetingTests.swift; sourceTree = "<group>"; };
		2985FD4D1C18D1E500618628 /* Info.plist */ = {isa = PBXFileReference; lastKnownFileType = text.plist.xml; path = Info.plist; sourceTree = "<group>"; };
		2985FD521C18D1E500618628 /* Christmas GreetingUITests.xctest */ = {isa = PBXFileReference; explicitFileType = wrapper.cfbundle; includeInIndex = 0; path = "Christmas GreetingUITests.xctest"; sourceTree = BUILT_PRODUCTS_DIR; };
		2985FD561C18D1E500618628 /* Christmas_GreetingUITests.swift */ = {isa = PBXFileReference; lastKnownFileType = sourcecode.swift; path = Christmas_GreetingUITests.swift; sourceTree = "<group>"; };
		2985FD581C18D1E500618628 /* Info.plist */ = {isa = PBXFileReference; lastKnownFileType = text.plist.xml; path = Info.plist; sourceTree = "<group>"; };
/* End PBXFileReference section */

/* Begin PBXFrameworksBuildPhase section */
		2985FD301C18D1E500618628 /* Frameworks */ = {
			isa = PBXFrameworksBuildPhase;
			buildActionMask = 2147483647;
			files = (
			);
			runOnlyForDeploymentPostprocessing = 0;
		};
		2985FD441C18D1E500618628 /* Frameworks */ = {
			isa = PBXFrameworksBuildPhase;
			buildActionMask = 2147483647;
			files = (
			);
			runOnlyForDeploymentPostprocessing = 0;
		};
		2985FD4F1C18D1E500618628 /* Frameworks */ = {
			isa = PBXFrameworksBuildPhase;
			buildActionMask = 2147483647;
			files = (
			);
			runOnlyForDeploymentPostprocessing = 0;
		};
/* End PBXFrameworksBuildPhase section */

/* Begin PBXGroup section */
		2985FD2A1C18D1E400618628 = {
			isa = PBXGroup;
			children = (
				2985FD351C18D1E500618628 /* Christmas Greeting */,
				2985FD4A1C18D1E500618628 /* Christmas GreetingTests */,
				2985FD551C18D1E500618628 /* Christmas GreetingUITests */,
				2985FD341C18D1E500618628 /* Products */,
			);
			sourceTree = "<group>";
		};
		2985FD341C18D1E500618628 /* Products */ = {
			isa = PBXGroup;
			children = (
				2985FD331C18D1E500618628 /* Christmas Greeting.app */,
				2985FD471C18D1E500618628 /* Christmas GreetingTests.xctest */,
				2985FD521C18D1E500618628 /* Christmas GreetingUITests.xctest */,
			);
			name = Products;
			sourceTree = "<group>";
		};
		2985FD351C18D1E500618628 /* Christmas Greeting */ = {
			isa = PBXGroup;
			children = (
				2985FD361C18D1E500618628 /* AppDelegate.swift */,
				2985FD381C18D1E500618628 /* ViewController.swift */,
				2985FD3A1C18D1E500618628 /* Main.storyboard */,
				2985FD3D1C18D1E500618628 /* Assets.xcassets */,
				2985FD3F1C18D1E500618628 /* LaunchScreen.storyboard */,
				2985FD421C18D1E500618628 /* Info.plist */,
			);
			path = "Christmas Greeting";
			sourceTree = "<group>";
		};
		2985FD4A1C18D1E500618628 /* Christmas GreetingTests */ = {
			isa = PBXGroup;
			children = (
				2985FD4B1C18D1E500618628 /* Christmas_GreetingTests.swift */,
				2985FD4D1C18D1E500618628 /* Info.plist */,
			);
			path = "Christmas GreetingTests";
			sourceTree = "<group>";
		};
		2985FD551C18D1E500618628 /* Christmas GreetingUITests */ = {
			isa = PBXGroup;
			children = (
				2985FD561C18D1E500618628 /* Christmas_GreetingUITests.swift */,
				2985FD581C18D1E500618628 /* Info.plist */,
			);
			path = "Christmas GreetingUITests";
			sourceTree = "<group>";
		};
/* End PBXGroup section */

/* Begin PBXNativeTarget section */
		2985FD321C18D1E500618628 /* Christmas Greeting */ = {
			isa = PBXNativeTarget;
			buildConfigurationList = 2985FD5B1C18D1E500618628 /* Build configuration list for PBXNativeTarget "Christmas Greeting" */;
			buildPhases = (
				2985FD2F1C18D1E500618628 /* Sources */,
				2985FD301C18D1E500618628 /* Frameworks */,
				2985FD311C18D1E500618628 /* Resources */,
			);
			buildRules = (
			);
			dependencies = (
			);
			name = "Christmas Greeting";
			productName = "Christmas Greeting";
			productReference = 2985FD331C18D1E500618628 /* Christmas Greeting.app */;
			productType = "com.apple.product-type.application";
		};
		2985FD461C18D1E500618628 /* Christmas GreetingTests */ = {
			isa = PBXNativeTarget;
			buildConfigurationList = 2985FD5E1C18D1E500618628 /* Build configuration list for PBXNativeTarget "Christmas GreetingTests" */;
			buildPhases = (
				2985FD431C18D1E500618628 /* Sources */,
				2985FD441C18D1E500618628 /* Frameworks */,
				2985FD451C18D1E500618628 /* Resources */,
			);
			buildRules = (
			);
			dependencies = (
				2985FD491C18D1E500618628 /* PBXTargetDependency */,
			);
			name = "Christmas GreetingTests";
			productName = "Christmas GreetingTests";
			productReference = 2985FD471C18D1E500618628 /* Christmas GreetingTests.xctest */;
			productType = "com.apple.product-type.bundle.unit-test";
		};
		2985FD511C18D1E500618628 /* Christmas GreetingUITests */ = {
			isa = PBXNativeTarget;
			buildConfigurationList = 2985FD611C18D1E500618628 /* Build configuration list for PBXNativeTarget "Christmas GreetingUITests" */;
			buildPhases = (
				2985FD4E1C18D1E500618628 /* Sources */,
				2985FD4F1C18D1E500618628 /* Frameworks */,
				2985FD501C18D1E500618628 /* Resources */,
			);
			buildRules = (
			);
			dependencies = (
				2985FD541C18D1E500618628 /* PBXTargetDependency */,
			);
			name = "Christmas GreetingUITests";
			productName = "Christmas GreetingUITests";
			productReference = 2985FD521C18D1E500618628 /* Christmas GreetingUITests.xctest */;
			productType = "com.apple.product-type.bundle.ui-testing";
		};
/* End PBXNativeTarget section */

/* Begin PBXProject section */
		2985FD2B1C18D1E500618628 /* Project object */ = {
			isa = PBXProject;
			attributes = {
				LastSwiftUpdateCheck = 0710;
				LastUpgradeCheck = 0710;
				ORGANIZATIONNAME = "Santa's Helpers";
				TargetAttributes = {
					2985FD321C18D1E500618628 = {
						CreatedOnToolsVersion = 7.1.1;
						DevelopmentTeam = 35N7P842ZC;
					};
					2985FD461C18D1E500618628 = {
						CreatedOnToolsVersion = 7.1.1;
						TestTargetID = 2985FD321C18D1E500618628;
					};
					2985FD511C18D1E500618628 = {
						CreatedOnToolsVersion = 7.1.1;
						TestTargetID = 2985FD321C18D1E500618628;
					};
				};
			};
			buildConfigurationList = 2985FD2E1C18D1E500618628 /* Build configuration list for PBXProject "Christmas Greeting" */;
			compatibilityVersion = "Xcode 3.2";
			developmentRegion = English;
			hasScannedForEncodings = 0;
			knownRegions = (
				en,
				Base,
			);
			mainGroup = 2985FD2A1C18D1E400618628;
			productRefGroup = 2985FD341C18D1E500618628 /* Products */;
			projectDirPath = "";
			projectRoot = "";
			targets = (
				2985FD321C18D1E500618628 /* Christmas Greeting */,
				2985FD461C18D1E500618628 /* Christmas GreetingTests */,
				2985FD511C18D1E500618628 /* Christmas GreetingUITests */,
			);
		};
/* End PBXProject section */

/* Begin PBXResourcesBuildPhase section */
		2985FD311C18D1E500618628 /* Resources */ = {
			isa = PBXResourcesBuildPhase;
			buildActionMask = 2147483647;
			files = (
				2985FD411C18D1E500618628 /* LaunchScreen.storyboard in Resources */,
				2985FD3E1C18D1E500618628 /* Assets.xcassets in Resources */,
				2985FD3C1C18D1E500618628 /* Main.storyboard in Resources */,
			);
			runOnlyForDeploymentPostprocessing = 0;
		};
		2985FD451C18D1E500618628 /* Resources */ = {
			isa = PBXResourcesBuildPhase;
			buildActionMask = 2147483647;
			files = (
			);
			runOnlyForDeploymentPostprocessing = 0;
		};
		2985FD501C18D1E500618628 /* Resources */ = {
			isa = PBXResourcesBuildPhase;
			buildActionMask = 2147483647;
			files = (
			);
			runOnlyForDeploymentPostprocessing = 0;
		};
/* End PBXResourcesBuildPhase section */

/* Begin PBXSourcesBuildPhase section */
		2985FD2F1C18D1E500618628 /* Sources */ = {
			isa = PBXSourcesBuildPhase;
			buildActionMask = 2147483647;
			files = (
				2985FD391C18D1E500618628 /* ViewController.swift in Sources */,
				2985FD371C18D1E500618628 /* AppDelegate.swift in Sources */,
			);
			runOnlyForDeploymentPostprocessing = 0;
		};
		2985FD431C18D1E500618628 /* Sources */ = {
			isa = PBXSourcesBuildPhase;
			buildActionMask = 2147483647;
			files = (
				2985FD4C1C18D1E500618628 /* Christmas_GreetingTests.swift in Sources */,
			);
			runOnlyForDeploymentPostprocessing = 0;
		};
		2985FD4E1C18D1E500618628 /* Sources */ = {
			isa = PBXSourcesBuildPhase;
			buildActionMask = 2147483647;
			files = (
				2985FD571C18D1E500618628 /* Christmas_GreetingUITests.swift in Sources */,
			);
			runOnlyForDeploymentPostprocessing = 0;
		};
/* End PBXSourcesBuildPhase section */

/* Begin PBXTargetDependency section */
		2985FD491C18D1E500618628 /* PBXTargetDependency */ = {
			isa = PBXTargetDependency;
			target = 2985FD321C18D1E500618628 /* Christmas Greeting */;
			targetProxy = 2985FD481C18D1E500618628 /* PBXContainerItemProxy */;
		};
		2985FD541C18D1E500618628 /* PBXTargetDependency */ = {
			isa = PBXTargetDependency;
			target = 2985FD321C18D1E500618628 /* Christmas Greeting */;
			targetProxy = 2985FD531C18D1E500618628 /* PBXContainerItemProxy */;
		};
/* End PBXTargetDependency section */

/* Begin PBXVariantGroup section */
		2985FD3A1C18D1E500618628 /* Main.storyboard */ = {
			isa = PBXVariantGroup;
			children = (
				2985FD3B1C18D1E500618628 /* Base */,
			);
			name = Main.storyboard;
			sourceTree = "<group>";
		};
		2985FD3F1C18D1E500618628 /* LaunchScreen.storyboard */ = {
			isa = PBXVariantGroup;
			children = (
				2985FD401C18D1E500618628 /* Base */,
			);
			name = LaunchScreen.storyboard;
			sourceTree = "<group>";
		};
/* End PBXVariantGroup section */

/* Begin XCBuildConfiguration section */
		2985FD591C18D1E500618628 /* Debug */ = {
			isa = XCBuildConfiguration;
			buildSettings = {
				ALWAYS_SEARCH_USER_PATHS = NO;
				CLANG_CXX_LANGUAGE_STANDARD = "gnu++0x";
				CLANG_CXX_LIBRARY = "libc++";
				CLANG_ENABLE_MODULES = YES;
				CLANG_ENABLE_OBJC_ARC = YES;
				CLANG_WARN_BOOL_CONVERSION = YES;
				CLANG_WARN_CONSTANT_CONVERSION = YES;
				CLANG_WARN_DIRECT_OBJC_ISA_USAGE = YES_ERROR;
				CLANG_WARN_EMPTY_BODY = YES;
				CLANG_WARN_ENUM_CONVERSION = YES;
				CLANG_WARN_INT_CONVERSION = YES;
				CLANG_WARN_OBJC_ROOT_CLASS = YES_ERROR;
				CLANG_WARN_UNREACHABLE_CODE = YES;
				CLANG_WARN__DUPLICATE_METHOD_MATCH = YES;
				"CODE_SIGN_IDENTITY[sdk=iphoneos*]" = "iPhone Developer";
				COPY_PHASE_STRIP = NO;
				DEBUG_INFORMATION_FORMAT = dwarf;
				ENABLE_STRICT_OBJC_MSGSEND = YES;
				ENABLE_TESTABILITY = YES;
				GCC_C_LANGUAGE_STANDARD = gnu99;
				GCC_DYNAMIC_NO_PIC = NO;
				GCC_NO_COMMON_BLOCKS = YES;
				GCC_OPTIMIZATION_LEVEL = 0;
				GCC_PREPROCESSOR_DEFINITIONS = (
					"DEBUG=1",
					"$(inherited)",
				);
				GCC_WARN_64_TO_32_BIT_CONVERSION = YES;
				GCC_WARN_ABOUT_RETURN_TYPE = YES_ERROR;
				GCC_WARN_UNDECLARED_SELECTOR = YES;
				GCC_WARN_UNINITIALIZED_AUTOS = YES_AGGRESSIVE;
				GCC_WARN_UNUSED_FUNCTION = YES;
				GCC_WARN_UNUSED_VARIABLE = YES;
				IPHONEOS_DEPLOYMENT_TARGET = 9.1;
				MTL_ENABLE_DEBUG_INFO = YES;
				ONLY_ACTIVE_ARCH = YES;
				SDKROOT = iphoneos;
				SWIFT_OPTIMIZATION_LEVEL = "-Onone";
			};
			name = Debug;
		};
		2985FD5A1C18D1E500618628 /* Release */ = {
			isa = XCBuildConfiguration;
			buildSettings = {
				ALWAYS_SEARCH_USER_PATHS = NO;
				CLANG_CXX_LANGUAGE_STANDARD = "gnu++0x";
				CLANG_CXX_LIBRARY = "libc++";
				CLANG_ENABLE_MODULES = YES;
				CLANG_ENABLE_OBJC_ARC = YES;
				CLANG_WARN_BOOL_CONVERSION = YES;
				CLANG_WARN_CONSTANT_CONVERSION = YES;
				CLANG_WARN_DIRECT_OBJC_ISA_USAGE = YES_ERROR;
				CLANG_WARN_EMPTY_BODY = YES;
				CLANG_WARN_ENUM_CONVERSION = YES;
				CLANG_WARN_INT_CONVERSION = YES;
				CLANG_WARN_OBJC_ROOT_CLASS = YES_ERROR;
				CLANG_WARN_UNREACHABLE_CODE = YES;
				CLANG_WARN__DUPLICATE_METHOD_MATCH = YES;
				"CODE_SIGN_IDENTITY[sdk=iphoneos*]" = "iPhone Developer";
				COPY_PHASE_STRIP = NO;
				DEBUG_INFORMATION_FORMAT = "dwarf-with-dsym";
				ENABLE_NS_ASSERTIONS = NO;
				ENABLE_STRICT_OBJC_MSGSEND = YES;
				GCC_C_LANGUAGE_STANDARD = gnu99;
				GCC_NO_COMMON_BLOCKS = YES;
				GCC_WARN_64_TO_32_BIT_CONVERSION = YES;
				GCC_WARN_ABOUT_RETURN_TYPE = YES_ERROR;
				GCC_WARN_UNDECLARED_SELECTOR = YES;
				GCC_WARN_UNINITIALIZED_AUTOS = YES_AGGRESSIVE;
				GCC_WARN_UNUSED_FUNCTION = YES;
				GCC_WARN_UNUSED_VARIABLE = YES;
				IPHONEOS_DEPLOYMENT_TARGET = 9.1;
				MTL_ENABLE_DEBUG_INFO = NO;
				SDKROOT = iphoneos;
				VALIDATE_PRODUCT = YES;
			};
			name = Release;
		};
		2985FD5C1C18D1E500618628 /* Debug */ = {
			isa = XCBuildConfiguration;
			buildSettings = {
				ASSETCATALOG_COMPILER_APPICON_NAME = AppIcon;
				CODE_SIGN_IDENTITY = "iPhone Developer";
				"CODE_SIGN_IDENTITY[sdk=iphoneos*]" = "iPhone Developer";
				INFOPLIST_FILE = "Christmas Greeting/Info.plist";
				LD_RUNPATH_SEARCH_PATHS = "$(inherited) @executable_path/Frameworks";
				PRODUCT_BUNDLE_IDENTIFIER = "SantasHelpers.Christmas-Greeting";
				PRODUCT_NAME = "$(TARGET_NAME)";
				PROVISIONING_PROFILE = "";
			};
			name = Debug;
		};
		2985FD5D1C18D1E500618628 /* Release */ = {
			isa = XCBuildConfiguration;
			buildSettings = {
				ASSETCATALOG_COMPILER_APPICON_NAME = AppIcon;
				CODE_SIGN_IDENTITY = "iPhone Developer";
				"CODE_SIGN_IDENTITY[sdk=iphoneos*]" = "iPhone Developer";
				INFOPLIST_FILE = "Christmas Greeting/Info.plist";
				LD_RUNPATH_SEARCH_PATHS = "$(inherited) @executable_path/Frameworks";
				PRODUCT_BUNDLE_IDENTIFIER = "SantasHelpers.Christmas-Greeting";
				PRODUCT_NAME = "$(TARGET_NAME)";
				PROVISIONING_PROFILE = "";
			};
			name = Release;
		};
		2985FD5F1C18D1E500618628 /* Debug */ = {
			isa = XCBuildConfiguration;
			buildSettings = {
				BUNDLE_LOADER = "$(TEST_HOST)";
				INFOPLIST_FILE = "Christmas GreetingTests/Info.plist";
				LD_RUNPATH_SEARCH_PATHS = "$(inherited) @executable_path/Frameworks @loader_path/Frameworks";
				PRODUCT_BUNDLE_IDENTIFIER = "SantasHelpers.Christmas-GreetingTests";
				PRODUCT_NAME = "$(TARGET_NAME)";
				TEST_HOST = "$(BUILT_PRODUCTS_DIR)/Christmas Greeting.app/Christmas Greeting";
			};
			name = Debug;
		};
		2985FD601C18D1E500618628 /* Release */ = {
			isa = XCBuildConfiguration;
			buildSettings = {
				BUNDLE_LOADER = "$(TEST_HOST)";
				INFOPLIST_FILE = "Christmas GreetingTests/Info.plist";
				LD_RUNPATH_SEARCH_PATHS = "$(inherited) @executable_path/Frameworks @loader_path/Frameworks";
				PRODUCT_BUNDLE_IDENTIFIER = "SantasHelpers.Christmas-GreetingTests";
				PRODUCT_NAME = "$(TARGET_NAME)";
				TEST_HOST = "$(BUILT_PRODUCTS_DIR)/Christmas Greeting.app/Christmas Greeting";
			};
			name = Release;
		};
		2985FD621C18D1E500618628 /* Debug */ = {
			isa = XCBuildConfiguration;
			buildSettings = {
				INFOPLIST_FILE = "Christmas GreetingUITests/Info.plist";
				LD_RUNPATH_SEARCH_PATHS = "$(inherited) @executable_path/Frameworks @loader_path/Frameworks";
				PRODUCT_BUNDLE_IDENTIFIER = "SantasHelpers.Christmas-GreetingUITests";
				PRODUCT_NAME = "$(TARGET_NAME)";
				TEST_TARGET_NAME = "Christmas Greeting";
				USES_XCTRUNNER = YES;
			};
			name = Debug;
		};
		2985FD631C18D1E500618628 /* Release */ = {
			isa = XCBuildConfiguration;
			buildSettings = {
				INFOPLIST_FILE = "Christmas GreetingUITests/Info.plist";
				LD_RUNPATH_SEARCH_PATHS = "$(inherited) @executable_path/Frameworks @loader_path/Frameworks";
				PRODUCT_BUNDLE_IDENTIFIER = "SantasHelpers.Christmas-GreetingUITests";
				PRODUCT_NAME = "$(TARGET_NAME)";
				TEST_TARGET_NAME = "Christmas Greeting";
				USES_XCTRUNNER = YES;
			};
			name = Release;
		};
/* End XCBuildConfiguration section */

/* Begin XCConfigurationList section */
		2985FD2E1C18D1E500618628 /* Build configuration list for PBXProject "Christmas Greeting" */ = {
			isa = XCConfigurationList;
			buildConfigurations = (
				2985FD591C18D1E500618628 /* Debug */,
				2985FD5A1C18D1E500618628 /* Release */,
			);
			defaultConfigurationIsVisible = 0;
			defaultConfigurationName = Release;
		};
		2985FD5B1C18D1E500618628 /* Build configuration list for PBXNativeTarget "Christmas Greeting" */ = {
			isa = XCConfigurationList;
			buildConfigurations = (
				2985FD5C1C18D1E500618628 /* Debug */,
				2985FD5D1C18D1E500618628 /* Release */,
			);
			defaultConfigurationIsVisible = 0;
		};
		2985FD5E1C18D1E500618628 /* Build configuration list for PBXNativeTarget "Christmas GreetingTests" */ = {
			isa = XCConfigurationList;
			buildConfigurations = (
				2985FD5F1C18D1E500618628 /* Debug */,
				2985FD601C18D1E500618628 /* Release */,
			);
			defaultConfigurationIsVisible = 0;
		};
		2985FD611C18D1E500618628 /* Build configuration list for PBXNativeTarget "Christmas GreetingUITests" */ = {
			isa = XCConfigurationList;
			buildConfigurations = (
				2985FD621C18D1E500618628 /* Debug */,
				2985FD631C18D1E500618628 /* Release */,
			);
			defaultConfigurationIsVisible = 0;
		};
/* End XCConfigurationList section */
	};
	rootObject = 2985FD2B1C18D1E500618628 /* Project object */;
}
